
Microsoft Visual Studio Solution File, Format Version 12.00
# Visual Studio Version 16
VisualStudioVersion = 16.0.29926.136
MinimumVisualStudioVersion = 10.0.40219.1
Project("{9A19103F-16F7-4668-BE54-9A1E7A4F7556}") = "PasswordStrength", "PasswordStrength\PasswordStrength.csproj", "{684D72D6-1F50-45DC-A07A-2DD6D99A27C7}"
EndProject
Project("{FAE04EC0-301F-11D3-BF4B-00C04F79EFBC}") = "PasswordStrengthTests", "PasswordStrengthTests\PasswordStrengthTests.csproj", "{4F5AF639-488F-4C4B-90E7-CCD35F593C9A}"
EndProject
Global
	GlobalSection(SolutionConfigurationPlatforms) = preSolution
		Debug|Any CPU = Debug|Any CPU
		Release|Any CPU = Release|Any CPU
	EndGlobalSection
	GlobalSection(ProjectConfigurationPlatforms) = postSolution
		{684D72D6-1F50-45DC-A07A-2DD6D99A27C7}.Debug|Any CPU.ActiveCfg = Debug|Any CPU
		{684D72D6-1F50-45DC-A07A-2DD6D99A27C7}.Debug|Any CPU.Build.0 = Debug|Any CPU
		{684D72D6-1F50-45DC-A07A-2DD6D99A27C7}.Release|Any CPU.ActiveCfg = Release|Any CPU
		{684D72D6-1F50-45DC-A07A-2DD6D99A27C7}.Release|Any CPU.Build.0 = Release|Any CPU
		{4F5AF639-488F-4C4B-90E7-CCD35F593C9A}.Debug|Any CPU.ActiveCfg = Debug|Any CPU
		{4F5AF639-488F-4C4B-90E7-CCD35F593C9A}.Debug|Any CPU.Build.0 = Debug|Any CPU
		{4F5AF639-488F-4C4B-90E7-CCD35F593C9A}.Release|Any CPU.ActiveCfg = Release|Any CPU
		{4F5AF639-488F-4C4B-90E7-CCD35F593C9A}.Release|Any CPU.Build.0 = Release|Any CPU
	EndGlobalSection
	GlobalSection(SolutionProperties) = preSolution
		HideSolutionNode = FALSE
	EndGlobalSection
	GlobalSection(ExtensibilityGlobals) = postSolution
		SolutionGuid = {CDECB5A2-D2C3-4403-8737-91222537D89B}
	EndGlobalSection
EndGlobal
